
Microsoft Visual Studio Solution File, Format Version 12.00
# Visual Studio Version 17
VisualStudioVersion = 17.0.31903.59
MinimumVisualStudioVersion = 10.0.40219.1
Project("{2150E333-8FDC-42A3-9474-1A3956D46DE8}") = "src", "src", "{1602226F-F95A-42F4-B7A1-35A9151572EA}"
EndProject
Project("{6EC3EE1D-3C4E-46DD-8F32-0CC8E7565705}") = "App", "src\App\App.fsproj", "{6E06FC36-CEF8-411A-9298-B9DAB45327D8}"
EndProject
Global
	GlobalSection(SolutionConfigurationPlatforms) = preSolution
		Debug|Any CPU = Debug|Any CPU
		Release|Any CPU = Release|Any CPU
	EndGlobalSection
	GlobalSection(ProjectConfigurationPlatforms) = postSolution
		{6E06FC36-CEF8-411A-9298-B9DAB45327D8}.Debug|Any CPU.ActiveCfg = Debug|Any CPU
		{6E06FC36-CEF8-411A-9298-B9DAB45327D8}.Debug|Any CPU.Build.0 = Debug|Any CPU
		{6E06FC36-CEF8-411A-9298-B9DAB45327D8}.Release|Any CPU.ActiveCfg = Release|Any CPU
		{6E06FC36-CEF8-411A-9298-B9DAB45327D8}.Release|Any CPU.Build.0 = Release|Any CPU
	EndGlobalSection
	GlobalSection(SolutionProperties) = preSolution
		HideSolutionNode = FALSE
	EndGlobalSection
	GlobalSection(NestedProjects) = preSolution
		{6E06FC36-CEF8-411A-9298-B9DAB45327D8} = {1602226F-F95A-42F4-B7A1-35A9151572EA}
	EndGlobalSection
EndGlobal
