
Microsoft Visual Studio Solution File, Format Version 12.00
# Visual Studio Version 16
VisualStudioVersion = 16.0.30114.105
MinimumVisualStudioVersion = 10.0.40219.1
Project("{2150E333-8FDC-42A3-9474-1A3956D46DE8}") = "src", "src", "{EA7E049A-0F40-4927-8960-83CD6C129A2E}"
EndProject
Project("{F2A71F9B-5D33-465A-A702-920D77279786}") = "Migrondi", "src\Migrondi\Migrondi.fsproj", "{FA24C8BF-63F6-418E-9C14-00B1A73D5A2F}"
EndProject
Project("{F2A71F9B-5D33-465A-A702-920D77279786}") = "Migrondi.Tests", "src\Migrondi.Tests\Migrondi.Tests.fsproj", "{B906D7C8-0F1C-498F-8EB1-B21D33AFCA7A}"
EndProject
Global
	GlobalSection(SolutionConfigurationPlatforms) = preSolution
		Debug|Any CPU = Debug|Any CPU
		Release|Any CPU = Release|Any CPU
	EndGlobalSection
	GlobalSection(SolutionProperties) = preSolution
		HideSolutionNode = FALSE
	EndGlobalSection
	GlobalSection(ProjectConfigurationPlatforms) = postSolution
		{FA24C8BF-63F6-418E-9C14-00B1A73D5A2F}.Debug|Any CPU.ActiveCfg = Debug|Any CPU
		{FA24C8BF-63F6-418E-9C14-00B1A73D5A2F}.Debug|Any CPU.Build.0 = Debug|Any CPU
		{FA24C8BF-63F6-418E-9C14-00B1A73D5A2F}.Release|Any CPU.ActiveCfg = Release|Any CPU
		{FA24C8BF-63F6-418E-9C14-00B1A73D5A2F}.Release|Any CPU.Build.0 = Release|Any CPU
		{B906D7C8-0F1C-498F-8EB1-B21D33AFCA7A}.Debug|Any CPU.ActiveCfg = Debug|Any CPU
		{B906D7C8-0F1C-498F-8EB1-B21D33AFCA7A}.Debug|Any CPU.Build.0 = Debug|Any CPU
		{B906D7C8-0F1C-498F-8EB1-B21D33AFCA7A}.Release|Any CPU.ActiveCfg = Release|Any CPU
		{B906D7C8-0F1C-498F-8EB1-B21D33AFCA7A}.Release|Any CPU.Build.0 = Release|Any CPU
	EndGlobalSection
	GlobalSection(NestedProjects) = preSolution
		{FA24C8BF-63F6-418E-9C14-00B1A73D5A2F} = {EA7E049A-0F40-4927-8960-83CD6C129A2E}
		{B906D7C8-0F1C-498F-8EB1-B21D33AFCA7A} = {EA7E049A-0F40-4927-8960-83CD6C129A2E}
	EndGlobalSection
EndGlobal
