
Microsoft Visual Studio Solution File, Format Version 12.00
# Visual Studio 15
VisualStudioVersion = 15.0.26124.0
MinimumVisualStudioVersion = 15.0.26124.0
Project("{F2A71F9B-5D33-465A-A702-920D77279786}") = "Migrondi", "Migrondi\Migrondi.fsproj", "{094C8421-B900-4B9E-B7AB-CA25CC566201}"
EndProject
Project("{F2A71F9B-5D33-465A-A702-920D77279786}") = "Migrondi.Tests", "Migrondi.Tests\Migrondi.Tests.fsproj", "{8E87AFFA-52A9-40FB-847A-93C63594DCAA}"
EndProject
Global
	GlobalSection(SolutionConfigurationPlatforms) = preSolution
		Debug|Any CPU = Debug|Any CPU
		Debug|x64 = Debug|x64
		Debug|x86 = Debug|x86
		Release|Any CPU = Release|Any CPU
		Release|x64 = Release|x64
		Release|x86 = Release|x86
	EndGlobalSection
	GlobalSection(SolutionProperties) = preSolution
		HideSolutionNode = FALSE
	EndGlobalSection
	GlobalSection(ProjectConfigurationPlatforms) = postSolution
		{094C8421-B900-4B9E-B7AB-CA25CC566201}.Debug|Any CPU.ActiveCfg = Debug|Any CPU
		{094C8421-B900-4B9E-B7AB-CA25CC566201}.Debug|Any CPU.Build.0 = Debug|Any CPU
		{094C8421-B900-4B9E-B7AB-CA25CC566201}.Debug|x64.ActiveCfg = Debug|Any CPU
		{094C8421-B900-4B9E-B7AB-CA25CC566201}.Debug|x64.Build.0 = Debug|Any CPU
		{094C8421-B900-4B9E-B7AB-CA25CC566201}.Debug|x86.ActiveCfg = Debug|Any CPU
		{094C8421-B900-4B9E-B7AB-CA25CC566201}.Debug|x86.Build.0 = Debug|Any CPU
		{094C8421-B900-4B9E-B7AB-CA25CC566201}.Release|Any CPU.ActiveCfg = Release|Any CPU
		{094C8421-B900-4B9E-B7AB-CA25CC566201}.Release|Any CPU.Build.0 = Release|Any CPU
		{094C8421-B900-4B9E-B7AB-CA25CC566201}.Release|x64.ActiveCfg = Release|Any CPU
		{094C8421-B900-4B9E-B7AB-CA25CC566201}.Release|x64.Build.0 = Release|Any CPU
		{094C8421-B900-4B9E-B7AB-CA25CC566201}.Release|x86.ActiveCfg = Release|Any CPU
		{094C8421-B900-4B9E-B7AB-CA25CC566201}.Release|x86.Build.0 = Release|Any CPU
		{8E87AFFA-52A9-40FB-847A-93C63594DCAA}.Debug|Any CPU.ActiveCfg = Debug|Any CPU
		{8E87AFFA-52A9-40FB-847A-93C63594DCAA}.Debug|Any CPU.Build.0 = Debug|Any CPU
		{8E87AFFA-52A9-40FB-847A-93C63594DCAA}.Debug|x64.ActiveCfg = Debug|Any CPU
		{8E87AFFA-52A9-40FB-847A-93C63594DCAA}.Debug|x64.Build.0 = Debug|Any CPU
		{8E87AFFA-52A9-40FB-847A-93C63594DCAA}.Debug|x86.ActiveCfg = Debug|Any CPU
		{8E87AFFA-52A9-40FB-847A-93C63594DCAA}.Debug|x86.Build.0 = Debug|Any CPU
		{8E87AFFA-52A9-40FB-847A-93C63594DCAA}.Release|Any CPU.ActiveCfg = Release|Any CPU
		{8E87AFFA-52A9-40FB-847A-93C63594DCAA}.Release|Any CPU.Build.0 = Release|Any CPU
		{8E87AFFA-52A9-40FB-847A-93C63594DCAA}.Release|x64.ActiveCfg = Release|Any CPU
		{8E87AFFA-52A9-40FB-847A-93C63594DCAA}.Release|x64.Build.0 = Release|Any CPU
		{8E87AFFA-52A9-40FB-847A-93C63594DCAA}.Release|x86.ActiveCfg = Release|Any CPU
		{8E87AFFA-52A9-40FB-847A-93C63594DCAA}.Release|x86.Build.0 = Release|Any CPU
	EndGlobalSection
EndGlobal
